{
  "name": "sample",
  "version": "1.0.0",
  "lockfileVersion": 1,
  "requires": true,
  "dependencies": {
    "ts-datetime": {
      "version": "0.0.1",
      "resolved": "https://registry.npmjs.org/ts-datetime/-/ts-datetime-0.0.1.tgz",
      "integrity": "sha512-4ycBjAoeOC1e7xF7zzo/47cntUUdfquxz4EDbyIUlvpNV3nqV9Sg+MA5TR78c7/YX+Cvjtkf/+JDMtDdnFiJ0g=="
    }
  }
}
