{
  "name": "sample",
  "version": "1.0.1",
  "lockfileVersion": 1,
  "requires": true,
  "dependencies": {
    "ts-datetime": {
      "version": "0.0.3",
      "resolved": "https://registry.npmjs.org/ts-datetime/-/ts-datetime-0.0.3.tgz",
      "integrity": "sha512-3k4N2rMwptRmJ6sLf0bTJBRt2lgAZQR8KnxMf6MxuBaslrlShaZY9XawJZ8UwDqdVkVL7bRV5j1w4SLnrfKYHA=="
    }
  }
}
